
Microsoft Visual Studio Solution File, Format Version 12.00
# Visual Studio 14
VisualStudioVersion = 14.0.25123.0
MinimumVisualStudioVersion = 10.0.40219.1
Project("{FAE04EC0-301F-11D3-BF4B-00C04F79EFBC}") = "Garage2", "Garage2\Garage2.csproj", "{317AD7A2-313D-4BF6-BED9-64733E9A86F5}"
EndProject
Project("{FAE04EC0-301F-11D3-BF4B-00C04F79EFBC}") = "Garage2.Tests", "Garage2.Tests\Garage2.Tests.csproj", "{2E59C7C3-F69A-46C7-9C74-09F28C02F98C}"
EndProject
Global
	GlobalSection(SolutionConfigurationPlatforms) = preSolution
		Debug|Any CPU = Debug|Any CPU
		Release|Any CPU = Release|Any CPU
	EndGlobalSection
	GlobalSection(ProjectConfigurationPlatforms) = postSolution
		{317AD7A2-313D-4BF6-BED9-64733E9A86F5}.Debug|Any CPU.ActiveCfg = Debug|Any CPU
		{317AD7A2-313D-4BF6-BED9-64733E9A86F5}.Debug|Any CPU.Build.0 = Debug|Any CPU
		{317AD7A2-313D-4BF6-BED9-64733E9A86F5}.Release|Any CPU.ActiveCfg = Release|Any CPU
		{317AD7A2-313D-4BF6-BED9-64733E9A86F5}.Release|Any CPU.Build.0 = Release|Any CPU
		{2E59C7C3-F69A-46C7-9C74-09F28C02F98C}.Debug|Any CPU.ActiveCfg = Debug|Any CPU
		{2E59C7C3-F69A-46C7-9C74-09F28C02F98C}.Debug|Any CPU.Build.0 = Debug|Any CPU
		{2E59C7C3-F69A-46C7-9C74-09F28C02F98C}.Release|Any CPU.ActiveCfg = Release|Any CPU
		{2E59C7C3-F69A-46C7-9C74-09F28C02F98C}.Release|Any CPU.Build.0 = Release|Any CPU
	EndGlobalSection
	GlobalSection(SolutionProperties) = preSolution
		HideSolutionNode = FALSE
	EndGlobalSection
EndGlobal
